{
  "object": {
    "pins": [
      {
        "package": "Alamofire",
        "repositoryURL": "https://github.com/Alamofire/Alamofire.git",
        "state": {
          "branch": null,
          "revision": "9e0328127dfb801cefe8ac53a13c0c90a7770448",
          "version": "5.4.0"
        }
      },
      {
        "package": "CombineExpectations",
        "repositoryURL": "https://github.com/groue/CombineExpectations.git",
        "state": {
          "branch": null,
          "revision": "96d5604151c94b21fbca6877b237e80af9e821dd",
          "version": "0.5.0"
        }
      },
      {
        "package": "FetchImage",
        "repositoryURL": "https://github.com/kean/FetchImage.git",
        "state": {
          "branch": null,
          "revision": "b9ea4f9f97a4bc9fde452cea277d25d0a4f8f6df",
          "version": "0.2.1"
        }
      },
      {
        "package": "Nuke",
        "repositoryURL": "https://github.com/kean/Nuke.git",
        "state": {
          "branch": null,
          "revision": "ef122e4512e84020dca9d8f598408fdb38658946",
          "version": "9.2.0"
        }
      },
      {
        "package": "Swinject",
        "repositoryURL": "https://github.com/Swinject/Swinject.git",
        "state": {
          "branch": null,
          "revision": "8a76d2c74bafbb455763487cc6a08e91bad1f78b",
          "version": "2.7.1"
        }
      }
    ]
  },
  "version": 1
}
